
Microsoft Visual Studio Solution File, Format Version 12.00
# Visual Studio Version 17
VisualStudioVersion = 17.9.34902.65
MinimumVisualStudioVersion = 10.0.40219.1
Project("{FAE04EC0-301F-11D3-BF4B-00C04F79EFBC}") = "LoggerSystem", "LoggerSystem.csproj", "{AAD508FA-3FCD-4808-8CDC-59F3793A6349}"
EndProject
Global
	GlobalSection(SolutionConfigurationPlatforms) = preSolution
		Debug|Any CPU = Debug|Any CPU
		Release|Any CPU = Release|Any CPU
	EndGlobalSection
	GlobalSection(ProjectConfigurationPlatforms) = postSolution
		{AAD508FA-3FCD-4808-8CDC-59F3793A6349}.Debug|Any CPU.ActiveCfg = Debug|Any CPU
		{AAD508FA-3FCD-4808-8CDC-59F3793A6349}.Debug|Any CPU.Build.0 = Debug|Any CPU
		{AAD508FA-3FCD-4808-8CDC-59F3793A6349}.Release|Any CPU.ActiveCfg = Release|Any CPU
		{AAD508FA-3FCD-4808-8CDC-59F3793A6349}.Release|Any CPU.Build.0 = Release|Any CPU
	EndGlobalSection
	GlobalSection(SolutionProperties) = preSolution
		HideSolutionNode = FALSE
	EndGlobalSection
	GlobalSection(ExtensibilityGlobals) = postSolution
		SolutionGuid = {950AF286-5F6C-4ADB-BC3F-209677A4A2DD}
	EndGlobalSection
EndGlobal
