
Microsoft Visual Studio Solution File, Format Version 12.00
# Visual Studio Version 17
VisualStudioVersion = 17.9.34902.65
MinimumVisualStudioVersion = 10.0.40219.1
Project("{FAE04EC0-301F-11D3-BF4B-00C04F79EFBC}") = "Elevator", "Elevator.csproj", "{8C672B46-1DAC-430C-90C1-67FA3AB1F59D}"
EndProject
Global
	GlobalSection(SolutionConfigurationPlatforms) = preSolution
		Debug|Any CPU = Debug|Any CPU
		Release|Any CPU = Release|Any CPU
	EndGlobalSection
	GlobalSection(ProjectConfigurationPlatforms) = postSolution
		{8C672B46-1DAC-430C-90C1-67FA3AB1F59D}.Debug|Any CPU.ActiveCfg = Debug|Any CPU
		{8C672B46-1DAC-430C-90C1-67FA3AB1F59D}.Debug|Any CPU.Build.0 = Debug|Any CPU
		{8C672B46-1DAC-430C-90C1-67FA3AB1F59D}.Release|Any CPU.ActiveCfg = Release|Any CPU
		{8C672B46-1DAC-430C-90C1-67FA3AB1F59D}.Release|Any CPU.Build.0 = Release|Any CPU
	EndGlobalSection
	GlobalSection(SolutionProperties) = preSolution
		HideSolutionNode = FALSE
	EndGlobalSection
	GlobalSection(ExtensibilityGlobals) = postSolution
		SolutionGuid = {3CC33D9A-58AD-4857-9866-3D0931D5FE53}
	EndGlobalSection
EndGlobal
